// !$*UTF8*$!
{
	archiveVersion = 1;
	classes = {
	};
	objectVersion = 46;
	objects = {

/* Begin PBXBuildFile section */
		CF4BA3381A8AFE0900AB2B3B /* main.m in Sources */ = {isa = PBXBuildFile; fileRef = CF4BA3371A8AFE0900AB2B3B /* main.m */; };
		CF4BA33B1A8AFE0900AB2B3B /* AppDelegate.m in Sources */ = {isa = PBXBuildFile; fileRef = CF4BA33A1A8AFE0900AB2B3B /* AppDelegate.m */; };
		CF4BA3411A8AFE0900AB2B3B /* Main.storyboard in Resources */ = {isa = PBXBuildFile; fileRef = CF4BA33F1A8AFE0900AB2B3B /* Main.storyboard */; };
		CF4BA3431A8AFE0900AB2B3B /* Images.xcassets in Resources */ = {isa = PBXBuildFile; fileRef = CF4BA3421A8AFE0900AB2B3B /* Images.xcassets */; };
		CF4BA3461A8AFE0900AB2B3B /* LaunchScreen.xib in Resources */ = {isa = PBXBuildFile; fileRef = CF4BA3441A8AFE0900AB2B3B /* LaunchScreen.xib */; };
		CF4BA3521A8AFE0900AB2B3B /* WaterFlowDemoTests.m in Sources */ = {isa = PBXBuildFile; fileRef = CF4BA3511A8AFE0900AB2B3B /* WaterFlowDemoTests.m */; };
		CF4BA35D1A8B32D500AB2B3B /* CollectionViewController.m in Sources */ = {isa = PBXBuildFile; fileRef = CF4BA35C1A8B32D500AB2B3B /* CollectionViewController.m */; };
		CF4BA3601A8B339100AB2B3B /* CollectionViewCell.m in Sources */ = {isa = PBXBuildFile; fileRef = CF4BA35F1A8B339100AB2B3B /* CollectionViewCell.m */; };
		CF4BA3631A8B342100AB2B3B /* CollectionViewFlowLayout.m in Sources */ = {isa = PBXBuildFile; fileRef = CF4BA3621A8B342100AB2B3B /* CollectionViewFlowLayout.m */; };
/* End PBXBuildFile section */

/* Begin PBXContainerItemProxy section */
		CF4BA34C1A8AFE0900AB2B3B /* PBXContainerItemProxy */ = {
			isa = PBXContainerItemProxy;
			containerPortal = CF4BA32A1A8AFE0800AB2B3B /* Project object */;
			proxyType = 1;
			remoteGlobalIDString = CF4BA3311A8AFE0900AB2B3B;
			remoteInfo = WaterFlowDemo;
		};
/* End PBXContainerItemProxy section */

/* Begin PBXFileReference section */
		CF4BA3321A8AFE0900AB2B3B /* WaterFlowDemo.app */ = {isa = PBXFileReference; explicitFileType = wrapper.application; includeInIndex = 0; path = WaterFlowDemo.app; sourceTree = BUILT_PRODUCTS_DIR; };
		CF4BA3361A8AFE0900AB2B3B /* Info.plist */ = {isa = PBXFileReference; lastKnownFileType = text.plist.xml; path = Info.plist; sourceTree = "<group>"; };
		CF4BA3371A8AFE0900AB2B3B /* main.m */ = {isa = PBXFileReference; lastKnownFileType = sourcecode.c.objc; path = main.m; sourceTree = "<group>"; };
		CF4BA3391A8AFE0900AB2B3B /* AppDelegate.h */ = {isa = PBXFileReference; lastKnownFileType = sourcecode.c.h; path = AppDelegate.h; sourceTree = "<group>"; };
		CF4BA33A1A8AFE0900AB2B3B /* AppDelegate.m */ = {isa = PBXFileReference; lastKnownFileType = sourcecode.c.objc; path = AppDelegate.m; sourceTree = "<group>"; };
		CF4BA3401A8AFE0900AB2B3B /* Base */ = {isa = PBXFileReference; lastKnownFileType = file.storyboard; name = Base; path = Base.lproj/Main.storyboard; sourceTree = "<group>"; };
		CF4BA3421A8AFE0900AB2B3B /* Images.xcassets */ = {isa = PBXFileReference; lastKnownFileType = folder.assetcatalog; path = Images.xcassets; sourceTree = "<group>"; };
		CF4BA3451A8AFE0900AB2B3B /* Base */ = {isa = PBXFileReference; lastKnownFileType = file.xib; name = Base; path = Base.lproj/LaunchScreen.xib; sourceTree = "<group>"; };
		CF4BA34B1A8AFE0900AB2B3B /* WaterFlowDemoTests.xctest */ = {isa = PBXFileReference; explicitFileType = wrapper.cfbundle; includeInIndex = 0; path = WaterFlowDemoTests.xctest; sourceTree = BUILT_PRODUCTS_DIR; };
		CF4BA3501A8AFE0900AB2B3B /* Info.plist */ = {isa = PBXFileReference; lastKnownFileType = text.plist.xml; path = Info.plist; sourceTree = "<group>"; };
		CF4BA3511A8AFE0900AB2B3B /* WaterFlowDemoTests.m */ = {isa = PBXFileReference; lastKnownFileType = sourcecode.c.objc; path = WaterFlowDemoTests.m; sourceTree = "<group>"; };
		CF4BA35B1A8B32D500AB2B3B /* CollectionViewController.h */ = {isa = PBXFileReference; fileEncoding = 4; lastKnownFileType = sourcecode.c.h; path = CollectionViewController.h; sourceTree = "<group>"; };
		CF4BA35C1A8B32D500AB2B3B /* CollectionViewController.m */ = {isa = PBXFileReference; fileEncoding = 4; lastKnownFileType = sourcecode.c.objc; path = CollectionViewController.m; sourceTree = "<group>"; };
		CF4BA35E1A8B339100AB2B3B /* CollectionViewCell.h */ = {isa = PBXFileReference; fileEncoding = 4; lastKnownFileType = sourcecode.c.h; path = CollectionViewCell.h; sourceTree = "<group>"; };
		CF4BA35F1A8B339100AB2B3B /* CollectionViewCell.m */ = {isa = PBXFileReference; fileEncoding = 4; lastKnownFileType = sourcecode.c.objc; path = CollectionViewCell.m; sourceTree = "<group>"; };
		CF4BA3611A8B342100AB2B3B /* CollectionViewFlowLayout.h */ = {isa = PBXFileReference; fileEncoding = 4; lastKnownFileType = sourcecode.c.h; path = CollectionViewFlowLayout.h; sourceTree = "<group>"; };
		CF4BA3621A8B342100AB2B3B /* CollectionViewFlowLayout.m */ = {isa = PBXFileReference; fileEncoding = 4; lastKnownFileType = sourcecode.c.objc; path = CollectionViewFlowLayout.m; sourceTree = "<group>"; };
/* End PBXFileReference section */

/* Begin PBXFrameworksBuildPhase section */
		CF4BA32F1A8AFE0900AB2B3B /* Frameworks */ = {
			isa = PBXFrameworksBuildPhase;
			buildActionMask = 2147483647;
			files = (
			);
			runOnlyForDeploymentPostprocessing = 0;
		};
		CF4BA3481A8AFE0900AB2B3B /* Frameworks */ = {
			isa = PBXFrameworksBuildPhase;
			buildActionMask = 2147483647;
			files = (
			);
			runOnlyForDeploymentPostprocessing = 0;
		};
/* End PBXFrameworksBuildPhase section */

/* Begin PBXGroup section */
		CF4BA3291A8AFE0800AB2B3B = {
			isa = PBXGroup;
			children = (
				CF4BA3341A8AFE0900AB2B3B /* WaterFlowDemo */,
				CF4BA34E1A8AFE0900AB2B3B /* WaterFlowDemoTests */,
				CF4BA3331A8AFE0900AB2B3B /* Products */,
			);
			sourceTree = "<group>";
		};
		CF4BA3331A8AFE0900AB2B3B /* Products */ = {
			isa = PBXGroup;
			children = (
				CF4BA3321A8AFE0900AB2B3B /* WaterFlowDemo.app */,
				CF4BA34B1A8AFE0900AB2B3B /* WaterFlowDemoTests.xctest */,
			);
			name = Products;
			sourceTree = "<group>";
		};
		CF4BA3341A8AFE0900AB2B3B /* WaterFlowDemo */ = {
			isa = PBXGroup;
			children = (
				CF4BA3391A8AFE0900AB2B3B /* AppDelegate.h */,
				CF4BA33A1A8AFE0900AB2B3B /* AppDelegate.m */,
				CF4BA33F1A8AFE0900AB2B3B /* Main.storyboard */,
				CF4BA3421A8AFE0900AB2B3B /* Images.xcassets */,
				CF4BA3441A8AFE0900AB2B3B /* LaunchScreen.xib */,
				CF4BA3351A8AFE0900AB2B3B /* Supporting Files */,
				CF4BA35B1A8B32D500AB2B3B /* CollectionViewController.h */,
				CF4BA35C1A8B32D500AB2B3B /* CollectionViewController.m */,
				CF4BA35E1A8B339100AB2B3B /* CollectionViewCell.h */,
				CF4BA35F1A8B339100AB2B3B /* CollectionViewCell.m */,
				CF4BA3611A8B342100AB2B3B /* CollectionViewFlowLayout.h */,
				CF4BA3621A8B342100AB2B3B /* CollectionViewFlowLayout.m */,
			);
			path = WaterFlowDemo;
			sourceTree = "<group>";
		};
		CF4BA3351A8AFE0900AB2B3B /* Supporting Files */ = {
			isa = PBXGroup;
			children = (
				CF4BA3361A8AFE0900AB2B3B /* Info.plist */,
				CF4BA3371A8AFE0900AB2B3B /* main.m */,
			);
			name = "Supporting Files";
			sourceTree = "<group>";
		};
		CF4BA34E1A8AFE0900AB2B3B /* WaterFlowDemoTests */ = {
			isa = PBXGroup;
			children = (
				CF4BA3511A8AFE0900AB2B3B /* WaterFlowDemoTests.m */,
				CF4BA34F1A8AFE0900AB2B3B /* Supporting Files */,
			);
			path = WaterFlowDemoTests;
			sourceTree = "<group>";
		};
		CF4BA34F1A8AFE0900AB2B3B /* Supporting Files */ = {
			isa = PBXGroup;
			children = (
				CF4BA3501A8AFE0900AB2B3B /* Info.plist */,
			);
			name = "Supporting Files";
			sourceTree = "<group>";
		};
/* End PBXGroup section */

/* Begin PBXNativeTarget section */
		CF4BA3311A8AFE0900AB2B3B /* WaterFlowDemo */ = {
			isa = PBXNativeTarget;
			buildConfigurationList = CF4BA3551A8AFE0900AB2B3B /* Build configuration list for PBXNativeTarget "WaterFlowDemo" */;
			buildPhases = (
				CF4BA32E1A8AFE0900AB2B3B /* Sources */,
				CF4BA32F1A8AFE0900AB2B3B /* Frameworks */,
				CF4BA3301A8AFE0900AB2B3B /* Resources */,
			);
			buildRules = (
			);
			dependencies = (
			);
			name = WaterFlowDemo;
			productName = WaterFlowDemo;
			productReference = CF4BA3321A8AFE0900AB2B3B /* WaterFlowDemo.app */;
			productType = "com.apple.product-type.application";
		};
		CF4BA34A1A8AFE0900AB2B3B /* WaterFlowDemoTests */ = {
			isa = PBXNativeTarget;
			buildConfigurationList = CF4BA3581A8AFE0900AB2B3B /* Build configuration list for PBXNativeTarget "WaterFlowDemoTests" */;
			buildPhases = (
				CF4BA3471A8AFE0900AB2B3B /* Sources */,
				CF4BA3481A8AFE0900AB2B3B /* Frameworks */,
				CF4BA3491A8AFE0900AB2B3B /* Resources */,
			);
			buildRules = (
			);
			dependencies = (
				CF4BA34D1A8AFE0900AB2B3B /* PBXTargetDependency */,
			);
			name = WaterFlowDemoTests;
			productName = WaterFlowDemoTests;
			productReference = CF4BA34B1A8AFE0900AB2B3B /* WaterFlowDemoTests.xctest */;
			productType = "com.apple.product-type.bundle.unit-test";
		};
/* End PBXNativeTarget section */

/* Begin PBXProject section */
		CF4BA32A1A8AFE0800AB2B3B /* Project object */ = {
			isa = PBXProject;
			attributes = {
				LastUpgradeCheck = 0610;
				ORGANIZATIONNAME = lizhichao;
				TargetAttributes = {
					CF4BA3311A8AFE0900AB2B3B = {
						CreatedOnToolsVersion = 6.1.1;
					};
					CF4BA34A1A8AFE0900AB2B3B = {
						CreatedOnToolsVersion = 6.1.1;
						TestTargetID = CF4BA3311A8AFE0900AB2B3B;
					};
				};
			};
			buildConfigurationList = CF4BA32D1A8AFE0800AB2B3B /* Build configuration list for PBXProject "WaterFlowDemo" */;
			compatibilityVersion = "Xcode 3.2";
			developmentRegion = English;
			hasScannedForEncodings = 0;
			knownRegions = (
				en,
				Base,
			);
			mainGroup = CF4BA3291A8AFE0800AB2B3B;
			productRefGroup = CF4BA3331A8AFE0900AB2B3B /* Products */;
			projectDirPath = "";
			projectRoot = "";
			targets = (
				CF4BA3311A8AFE0900AB2B3B /* WaterFlowDemo */,
				CF4BA34A1A8AFE0900AB2B3B /* WaterFlowDemoTests */,
			);
		};
/* End PBXProject section */

/* Begin PBXResourcesBuildPhase section */
		CF4BA3301A8AFE0900AB2B3B /* Resources */ = {
			isa = PBXResourcesBuildPhase;
			buildActionMask = 2147483647;
			files = (
				CF4BA3411A8AFE0900AB2B3B /* Main.storyboard in Resources */,
				CF4BA3461A8AFE0900AB2B3B /* LaunchScreen.xib in Resources */,
				CF4BA3431A8AFE0900AB2B3B /* Images.xcassets in Resources */,
			);
			runOnlyForDeploymentPostprocessing = 0;
		};
		CF4BA3491A8AFE0900AB2B3B /* Resources */ = {
			isa = PBXResourcesBuildPhase;
			buildActionMask = 2147483647;
			files = (
			);
			runOnlyForDeploymentPostprocessing = 0;
		};
/* End PBXResourcesBuildPhase section */

/* Begin PBXSourcesBuildPhase section */
		CF4BA32E1A8AFE0900AB2B3B /* Sources */ = {
			isa = PBXSourcesBuildPhase;
			buildActionMask = 2147483647;
			files = (
				CF4BA33B1A8AFE0900AB2B3B /* AppDelegate.m in Sources */,
				CF4BA3381A8AFE0900AB2B3B /* main.m in Sources */,
				CF4BA3631A8B342100AB2B3B /* CollectionViewFlowLayout.m in Sources */,
				CF4BA3601A8B339100AB2B3B /* CollectionViewCell.m in Sources */,
				CF4BA35D1A8B32D500AB2B3B /* CollectionViewController.m in Sources */,
			);
			runOnlyForDeploymentPostprocessing = 0;
		};
		CF4BA3471A8AFE0900AB2B3B /* Sources */ = {
			isa = PBXSourcesBuildPhase;
			buildActionMask = 2147483647;
			files = (
				CF4BA3521A8AFE0900AB2B3B /* WaterFlowDemoTests.m in Sources */,
			);
			runOnlyForDeploymentPostprocessing = 0;
		};
/* End PBXSourcesBuildPhase section */

/* Begin PBXTargetDependency section */
		CF4BA34D1A8AFE0900AB2B3B /* PBXTargetDependency */ = {
			isa = PBXTargetDependency;
			target = CF4BA3311A8AFE0900AB2B3B /* WaterFlowDemo */;
			targetProxy = CF4BA34C1A8AFE0900AB2B3B /* PBXContainerItemProxy */;
		};
/* End PBXTargetDependency section */

/* Begin PBXVariantGroup section */
		CF4BA33F1A8AFE0900AB2B3B /* Main.storyboard */ = {
			isa = PBXVariantGroup;
			children = (
				CF4BA3401A8AFE0900AB2B3B /* Base */,
			);
			name = Main.storyboard;
			sourceTree = "<group>";
		};
		CF4BA3441A8AFE0900AB2B3B /* LaunchScreen.xib */ = {
			isa = PBXVariantGroup;
			children = (
				CF4BA3451A8AFE0900AB2B3B /* Base */,
			);
			name = LaunchScreen.xib;
			sourceTree = "<group>";
		};
/* End PBXVariantGroup section */

/* Begin XCBuildConfiguration section */
		CF4BA3531A8AFE0900AB2B3B /* Debug */ = {
			isa = XCBuildConfiguration;
			buildSettings = {
				ALWAYS_SEARCH_USER_PATHS = NO;
				CLANG_CXX_LANGUAGE_STANDARD = "gnu++0x";
				CLANG_CXX_LIBRARY = "libc++";
				CLANG_ENABLE_MODULES = YES;
				CLANG_ENABLE_OBJC_ARC = YES;
				CLANG_WARN_BOOL_CONVERSION = YES;
				CLANG_WARN_CONSTANT_CONVERSION = YES;
				CLANG_WARN_DIRECT_OBJC_ISA_USAGE = YES_ERROR;
				CLANG_WARN_EMPTY_BODY = YES;
				CLANG_WARN_ENUM_CONVERSION = YES;
				CLANG_WARN_INT_CONVERSION = YES;
				CLANG_WARN_OBJC_ROOT_CLASS = YES_ERROR;
				CLANG_WARN_UNREACHABLE_CODE = YES;
				CLANG_WARN__DUPLICATE_METHOD_MATCH = YES;
				"CODE_SIGN_IDENTITY[sdk=iphoneos*]" = "iPhone Developer";
				COPY_PHASE_STRIP = NO;
				ENABLE_STRICT_OBJC_MSGSEND = YES;
				GCC_C_LANGUAGE_STANDARD = gnu99;
				GCC_DYNAMIC_NO_PIC = NO;
				GCC_OPTIMIZATION_LEVEL = 0;
				GCC_PREPROCESSOR_DEFINITIONS = (
					"DEBUG=1",
					"$(inherited)",
				);
				GCC_SYMBOLS_PRIVATE_EXTERN = NO;
				GCC_WARN_64_TO_32_BIT_CONVERSION = YES;
				GCC_WARN_ABOUT_RETURN_TYPE = YES_ERROR;
				GCC_WARN_UNDECLARED_SELECTOR = YES;
				GCC_WARN_UNINITIALIZED_AUTOS = YES_AGGRESSIVE;
				GCC_WARN_UNUSED_FUNCTION = YES;
				GCC_WARN_UNUSED_VARIABLE = YES;
				IPHONEOS_DEPLOYMENT_TARGET = 8.1;
				MTL_ENABLE_DEBUG_INFO = YES;
				ONLY_ACTIVE_ARCH = YES;
				SDKROOT = iphoneos;
				TARGETED_DEVICE_FAMILY = "1,2";
			};
			name = Debug;
		};
		CF4BA3541A8AFE0900AB2B3B /* Release */ = {
			isa = XCBuildConfiguration;
			buildSettings = {
				ALWAYS_SEARCH_USER_PATHS = NO;
				CLANG_CXX_LANGUAGE_STANDARD = "gnu++0x";
				CLANG_CXX_LIBRARY = "libc++";
				CLANG_ENABLE_MODULES = YES;
				CLANG_ENABLE_OBJC_ARC = YES;
				CLANG_WARN_BOOL_CONVERSION = YES;
				CLANG_WARN_CONSTANT_CONVERSION = YES;
				CLANG_WARN_DIRECT_OBJC_ISA_USAGE = YES_ERROR;
				CLANG_WARN_EMPTY_BODY = YES;
				CLANG_WARN_ENUM_CONVERSION = YES;
				CLANG_WARN_INT_CONVERSION = YES;
				CLANG_WARN_OBJC_ROOT_CLASS = YES_ERROR;
				CLANG_WARN_UNREACHABLE_CODE = YES;
				CLANG_WARN__DUPLICATE_METHOD_MATCH = YES;
				"CODE_SIGN_IDENTITY[sdk=iphoneos*]" = "iPhone Developer";
				COPY_PHASE_STRIP = YES;
				ENABLE_NS_ASSERTIONS = NO;
				ENABLE_STRICT_OBJC_MSGSEND = YES;
				GCC_C_LANGUAGE_STANDARD = gnu99;
				GCC_WARN_64_TO_32_BIT_CONVERSION = YES;
				GCC_WARN_ABOUT_RETURN_TYPE = YES_ERROR;
				GCC_WARN_UNDECLARED_SELECTOR = YES;
				GCC_WARN_UNINITIALIZED_AUTOS = YES_AGGRESSIVE;
				GCC_WARN_UNUSED_FUNCTION = YES;
				GCC_WARN_UNUSED_VARIABLE = YES;
				IPHONEOS_DEPLOYMENT_TARGET = 8.1;
				MTL_ENABLE_DEBUG_INFO = NO;
				SDKROOT = iphoneos;
				TARGETED_DEVICE_FAMILY = "1,2";
				VALIDATE_PRODUCT = YES;
			};
			name = Release;
		};
		CF4BA3561A8AFE0900AB2B3B /* Debug */ = {
			isa = XCBuildConfiguration;
			buildSettings = {
				ASSETCATALOG_COMPILER_APPICON_NAME = AppIcon;
				INFOPLIST_FILE = WaterFlowDemo/Info.plist;
				LD_RUNPATH_SEARCH_PATHS = "$(inherited) @executable_path/Frameworks";
				PRODUCT_NAME = "$(TARGET_NAME)";
			};
			name = Debug;
		};
		CF4BA3571A8AFE0900AB2B3B /* Release */ = {
			isa = XCBuildConfiguration;
			buildSettings = {
				ASSETCATALOG_COMPILER_APPICON_NAME = AppIcon;
				INFOPLIST_FILE = WaterFlowDemo/Info.plist;
				LD_RUNPATH_SEARCH_PATHS = "$(inherited) @executable_path/Frameworks";
				PRODUCT_NAME = "$(TARGET_NAME)";
			};
			name = Release;
		};
		CF4BA3591A8AFE0900AB2B3B /* Debug */ = {
			isa = XCBuildConfiguration;
			buildSettings = {
				BUNDLE_LOADER = "$(TEST_HOST)";
				FRAMEWORK_SEARCH_PATHS = (
					"$(SDKROOT)/Developer/Library/Frameworks",
					"$(inherited)",
				);
				GCC_PREPROCESSOR_DEFINITIONS = (
					"DEBUG=1",
					"$(inherited)",
				);
				INFOPLIST_FILE = WaterFlowDemoTests/Info.plist;
				LD_RUNPATH_SEARCH_PATHS = "$(inherited) @executable_path/Frameworks @loader_path/Frameworks";
				PRODUCT_NAME = "$(TARGET_NAME)";
				TEST_HOST = "$(BUILT_PRODUCTS_DIR)/WaterFlowDemo.app/WaterFlowDemo";
			};
			name = Debug;
		};
		CF4BA35A1A8AFE0900AB2B3B /* Release */ = {
			isa = XCBuildConfiguration;
			buildSettings = {
				BUNDLE_LOADER = "$(TEST_HOST)";
				FRAMEWORK_SEARCH_PATHS = (
					"$(SDKROOT)/Developer/Library/Frameworks",
					"$(inherited)",
				);
				INFOPLIST_FILE = WaterFlowDemoTests/Info.plist;
				LD_RUNPATH_SEARCH_PATHS = "$(inherited) @executable_path/Frameworks @loader_path/Frameworks";
				PRODUCT_NAME = "$(TARGET_NAME)";
				TEST_HOST = "$(BUILT_PRODUCTS_DIR)/WaterFlowDemo.app/WaterFlowDemo";
			};
			name = Release;
		};
/* End XCBuildConfiguration section */

/* Begin XCConfigurationList section */
		CF4BA32D1A8AFE0800AB2B3B /* Build configuration list for PBXProject "WaterFlowDemo" */ = {
			isa = XCConfigurationList;
			buildConfigurations = (
				CF4BA3531A8AFE0900AB2B3B /* Debug */,
				CF4BA3541A8AFE0900AB2B3B /* Release */,
			);
			defaultConfigurationIsVisible = 0;
			defaultConfigurationName = Release;
		};
		CF4BA3551A8AFE0900AB2B3B /* Build configuration list for PBXNativeTarget "WaterFlowDemo" */ = {
			isa = XCConfigurationList;
			buildConfigurations = (
				CF4BA3561A8AFE0900AB2B3B /* Debug */,
				CF4BA3571A8AFE0900AB2B3B /* Release */,
			);
			defaultConfigurationIsVisible = 0;
			defaultConfigurationName = Release;
		};
		CF4BA3581A8AFE0900AB2B3B /* Build configuration list for PBXNativeTarget "WaterFlowDemoTests" */ = {
			isa = XCConfigurationList;
			buildConfigurations = (
				CF4BA3591A8AFE0900AB2B3B /* Debug */,
				CF4BA35A1A8AFE0900AB2B3B /* Release */,
			);
			defaultConfigurationIsVisible = 0;
			defaultConfigurationName = Release;
		};
/* End XCConfigurationList section */
	};
	rootObject = CF4BA32A1A8AFE0800AB2B3B /* Project object */;
}
